
Microsoft Visual Studio Solution File, Format Version 12.00
# Visual Studio Version 16
VisualStudioVersion = 16.0.31911.196
MinimumVisualStudioVersion = 10.0.40219.1
Project("{FAE04EC0-301F-11D3-BF4B-00C04F79EFBC}") = "lab2", "lab2\lab2.csproj", "{EF74DFD2-E471-4121-AD87-3F9CE5B90B8A}"
EndProject
Global
	GlobalSection(SolutionConfigurationPlatforms) = preSolution
		Debug|Any CPU = Debug|Any CPU
		Release|Any CPU = Release|Any CPU
	EndGlobalSection
	GlobalSection(ProjectConfigurationPlatforms) = postSolution
		{EF74DFD2-E471-4121-AD87-3F9CE5B90B8A}.Debug|Any CPU.ActiveCfg = Debug|Any CPU
		{EF74DFD2-E471-4121-AD87-3F9CE5B90B8A}.Debug|Any CPU.Build.0 = Debug|Any CPU
		{EF74DFD2-E471-4121-AD87-3F9CE5B90B8A}.Release|Any CPU.ActiveCfg = Release|Any CPU
		{EF74DFD2-E471-4121-AD87-3F9CE5B90B8A}.Release|Any CPU.Build.0 = Release|Any CPU
	EndGlobalSection
	GlobalSection(SolutionProperties) = preSolution
		HideSolutionNode = FALSE
	EndGlobalSection
	GlobalSection(ExtensibilityGlobals) = postSolution
		SolutionGuid = {07055E26-6861-4D5E-A199-3C3C447349E3}
	EndGlobalSection
EndGlobal
